// !$*UTF8*$!
{
	archiveVersion = 1;
	classes = {
	};
	objectVersion = 46;
	objects = {

/* Begin PBXBuildFile section */
		2BAEA82B175CDA8800F37113 /* bg.jpg in Resources */ = {isa = PBXBuildFile; fileRef = 2BAEA827175CDA8800F37113 /* bg.jpg */; };
		2BAEA82C175CDA8800F37113 /* btn_green.png in Resources */ = {isa = PBXBuildFile; fileRef = 2BAEA828175CDA8800F37113 /* btn_green.png */; };
		2BAEA82D175CDA8800F37113 /* btn_red.png in Resources */ = {isa = PBXBuildFile; fileRef = 2BAEA829175CDA8800F37113 /* btn_red.png */; };
		2BAEA82E175CDA8800F37113 /* logo.png in Resources */ = {isa = PBXBuildFile; fileRef = 2BAEA82A175CDA8800F37113 /* logo.png */; };
		2BAEA830175CDC6C00F37113 /* btn_white.png in Resources */ = {isa = PBXBuildFile; fileRef = 2BAEA82F175CDC6C00F37113 /* btn_white.png */; };
		2BBB43D0175CE659001F2E4A /* ResultViewController.m in Sources */ = {isa = PBXBuildFile; fileRef = 2BBB43CE175CE659001F2E4A /* ResultViewController.m */; };
		2BBB43D1175CE659001F2E4A /* ResultViewController.xib in Resources */ = {isa = PBXBuildFile; fileRef = 2BBB43CF175CE659001F2E4A /* ResultViewController.xib */; };
		2BCC2E80175CD0A4002242F8 /* UIKit.framework in Frameworks */ = {isa = PBXBuildFile; fileRef = 2BCC2E7F175CD0A4002242F8 /* UIKit.framework */; };
		2BCC2E82175CD0A4002242F8 /* Foundation.framework in Frameworks */ = {isa = PBXBuildFile; fileRef = 2BCC2E81175CD0A4002242F8 /* Foundation.framework */; };
		2BCC2E84175CD0A4002242F8 /* CoreGraphics.framework in Frameworks */ = {isa = PBXBuildFile; fileRef = 2BCC2E83175CD0A4002242F8 /* CoreGraphics.framework */; };
		2BCC2E8A175CD0A4002242F8 /* InfoPlist.strings in Resources */ = {isa = PBXBuildFile; fileRef = 2BCC2E88175CD0A4002242F8 /* InfoPlist.strings */; };
		2BCC2E8C175CD0A4002242F8 /* main.m in Sources */ = {isa = PBXBuildFile; fileRef = 2BCC2E8B175CD0A4002242F8 /* main.m */; };
		2BCC2E90175CD0A4002242F8 /* AppDelegate.m in Sources */ = {isa = PBXBuildFile; fileRef = 2BCC2E8F175CD0A4002242F8 /* AppDelegate.m */; };
		2BCC2E92175CD0A4002242F8 /* Default.png in Resources */ = {isa = PBXBuildFile; fileRef = 2BCC2E91175CD0A4002242F8 /* Default.png */; };
		2BCC2E94175CD0A4002242F8 /* Default@2x.png in Resources */ = {isa = PBXBuildFile; fileRef = 2BCC2E93175CD0A4002242F8 /* Default@2x.png */; };
		2BCC2E96175CD0A4002242F8 /* Default-568h@2x.png in Resources */ = {isa = PBXBuildFile; fileRef = 2BCC2E95175CD0A4002242F8 /* Default-568h@2x.png */; };
		2BCC2E99175CD0A4002242F8 /* QuestionViewController.m in Sources */ = {isa = PBXBuildFile; fileRef = 2BCC2E98175CD0A4002242F8 /* QuestionViewController.m */; };
		2BCC2E9F175CD0A4002242F8 /* QuestionViewController.xib in Resources */ = {isa = PBXBuildFile; fileRef = 2BCC2E9D175CD0A4002242F8 /* QuestionViewController.xib */; };
		2BCC2EAA175CD22B002242F8 /* Question.m in Sources */ = {isa = PBXBuildFile; fileRef = 2BCC2EA9175CD22B002242F8 /* Question.m */; };
		2BCC2EBB175CD428002242F8 /* questions.json in Resources */ = {isa = PBXBuildFile; fileRef = 2BCC2EBA175CD428002242F8 /* questions.json */; };
		2BCC2ED3175CD510002242F8 /* .DS_Store in Resources */ = {isa = PBXBuildFile; fileRef = 2BCC2EBD175CD510002242F8 /* .DS_Store */; };
		2BCC2ED4175CD510002242F8 /* SBJsonParser.m in Sources */ = {isa = PBXBuildFile; fileRef = 2BCC2EC0175CD510002242F8 /* SBJsonParser.m */; };
		2BCC2ED5175CD510002242F8 /* SBJsonStreamParser.m in Sources */ = {isa = PBXBuildFile; fileRef = 2BCC2EC2175CD510002242F8 /* SBJsonStreamParser.m */; };
		2BCC2ED6175CD510002242F8 /* SBJsonStreamParserAccumulator.m in Sources */ = {isa = PBXBuildFile; fileRef = 2BCC2EC4175CD510002242F8 /* SBJsonStreamParserAccumulator.m */; };
		2BCC2ED7175CD510002242F8 /* SBJsonStreamParserAdapter.m in Sources */ = {isa = PBXBuildFile; fileRef = 2BCC2EC6175CD510002242F8 /* SBJsonStreamParserAdapter.m */; };
		2BCC2ED8175CD510002242F8 /* SBJsonStreamParserState.m in Sources */ = {isa = PBXBuildFile; fileRef = 2BCC2EC8175CD510002242F8 /* SBJsonStreamParserState.m */; };
		2BCC2ED9175CD510002242F8 /* SBJsonStreamTokeniser.m in Sources */ = {isa = PBXBuildFile; fileRef = 2BCC2ECA175CD510002242F8 /* SBJsonStreamTokeniser.m */; };
		2BCC2EDA175CD510002242F8 /* SBJsonStreamWriter.m in Sources */ = {isa = PBXBuildFile; fileRef = 2BCC2ECC175CD510002242F8 /* SBJsonStreamWriter.m */; };
		2BCC2EDB175CD510002242F8 /* SBJsonStreamWriterAccumulator.m in Sources */ = {isa = PBXBuildFile; fileRef = 2BCC2ECE175CD510002242F8 /* SBJsonStreamWriterAccumulator.m */; };
		2BCC2EDC175CD510002242F8 /* SBJsonStreamWriterState.m in Sources */ = {isa = PBXBuildFile; fileRef = 2BCC2ED0175CD510002242F8 /* SBJsonStreamWriterState.m */; };
		2BCC2EDD175CD510002242F8 /* SBJsonWriter.m in Sources */ = {isa = PBXBuildFile; fileRef = 2BCC2ED2175CD510002242F8 /* SBJsonWriter.m */; };
/* End PBXBuildFile section */

/* Begin PBXFileReference section */
		2BAEA827175CDA8800F37113 /* bg.jpg */ = {isa = PBXFileReference; lastKnownFileType = image.jpeg; path = bg.jpg; sourceTree = "<group>"; };
		2BAEA828175CDA8800F37113 /* btn_green.png */ = {isa = PBXFileReference; lastKnownFileType = image.png; path = btn_green.png; sourceTree = "<group>"; };
		2BAEA829175CDA8800F37113 /* btn_red.png */ = {isa = PBXFileReference; lastKnownFileType = image.png; path = btn_red.png; sourceTree = "<group>"; };
		2BAEA82A175CDA8800F37113 /* logo.png */ = {isa = PBXFileReference; lastKnownFileType = image.png; path = logo.png; sourceTree = "<group>"; };
		2BAEA82F175CDC6C00F37113 /* btn_white.png */ = {isa = PBXFileReference; lastKnownFileType = image.png; path = btn_white.png; sourceTree = "<group>"; };
		2BBB43CD175CE659001F2E4A /* ResultViewController.h */ = {isa = PBXFileReference; fileEncoding = 4; lastKnownFileType = sourcecode.c.h; path = ResultViewController.h; sourceTree = "<group>"; };
		2BBB43CE175CE659001F2E4A /* ResultViewController.m */ = {isa = PBXFileReference; fileEncoding = 4; lastKnownFileType = sourcecode.c.objc; path = ResultViewController.m; sourceTree = "<group>"; };
		2BBB43CF175CE659001F2E4A /* ResultViewController.xib */ = {isa = PBXFileReference; fileEncoding = 4; lastKnownFileType = file.xib; path = ResultViewController.xib; sourceTree = "<group>"; };
		2BCC2E7C175CD0A4002242F8 /* MegaQuiz.app */ = {isa = PBXFileReference; explicitFileType = wrapper.application; includeInIndex = 0; path = MegaQuiz.app; sourceTree = BUILT_PRODUCTS_DIR; };
		2BCC2E7F175CD0A4002242F8 /* UIKit.framework */ = {isa = PBXFileReference; lastKnownFileType = wrapper.framework; name = UIKit.framework; path = System/Library/Frameworks/UIKit.framework; sourceTree = SDKROOT; };
		2BCC2E81175CD0A4002242F8 /* Foundation.framework */ = {isa = PBXFileReference; lastKnownFileType = wrapper.framework; name = Foundation.framework; path = System/Library/Frameworks/Foundation.framework; sourceTree = SDKROOT; };
		2BCC2E83175CD0A4002242F8 /* CoreGraphics.framework */ = {isa = PBXFileReference; lastKnownFileType = wrapper.framework; name = CoreGraphics.framework; path = System/Library/Frameworks/CoreGraphics.framework; sourceTree = SDKROOT; };
		2BCC2E87175CD0A4002242F8 /* MegaQuiz-Info.plist */ = {isa = PBXFileReference; lastKnownFileType = text.plist.xml; path = "MegaQuiz-Info.plist"; sourceTree = "<group>"; };
		2BCC2E89175CD0A4002242F8 /* en */ = {isa = PBXFileReference; lastKnownFileType = text.plist.strings; name = en; path = en.lproj/InfoPlist.strings; sourceTree = "<group>"; };
		2BCC2E8B175CD0A4002242F8 /* main.m */ = {isa = PBXFileReference; lastKnownFileType = sourcecode.c.objc; path = main.m; sourceTree = "<group>"; };
		2BCC2E8D175CD0A4002242F8 /* MegaQuiz-Prefix.pch */ = {isa = PBXFileReference; lastKnownFileType = sourcecode.c.h; path = "MegaQuiz-Prefix.pch"; sourceTree = "<group>"; };
		2BCC2E8E175CD0A4002242F8 /* AppDelegate.h */ = {isa = PBXFileReference; lastKnownFileType = sourcecode.c.h; path = AppDelegate.h; sourceTree = "<group>"; };
		2BCC2E8F175CD0A4002242F8 /* AppDelegate.m */ = {isa = PBXFileReference; lastKnownFileType = sourcecode.c.objc; path = AppDelegate.m; sourceTree = "<group>"; };
		2BCC2E91175CD0A4002242F8 /* Default.png */ = {isa = PBXFileReference; lastKnownFileType = image.png; path = Default.png; sourceTree = "<group>"; };
		2BCC2E93175CD0A4002242F8 /* Default@2x.png */ = {isa = PBXFileReference; lastKnownFileType = image.png; path = "Default@2x.png"; sourceTree = "<group>"; };
		2BCC2E95175CD0A4002242F8 /* Default-568h@2x.png */ = {isa = PBXFileReference; lastKnownFileType = image.png; path = "Default-568h@2x.png"; sourceTree = "<group>"; };
		2BCC2E97175CD0A4002242F8 /* QuestionViewController.h */ = {isa = PBXFileReference; lastKnownFileType = sourcecode.c.h; path = QuestionViewController.h; sourceTree = "<group>"; };
		2BCC2E98175CD0A4002242F8 /* QuestionViewController.m */ = {isa = PBXFileReference; lastKnownFileType = sourcecode.c.objc; path = QuestionViewController.m; sourceTree = "<group>"; };
		2BCC2E9E175CD0A4002242F8 /* en */ = {isa = PBXFileReference; lastKnownFileType = file.xib; name = en; path = en.lproj/QuestionViewController.xib; sourceTree = "<group>"; };
		2BCC2EA8175CD22B002242F8 /* Question.h */ = {isa = PBXFileReference; fileEncoding = 4; lastKnownFileType = sourcecode.c.h; path = Question.h; sourceTree = "<group>"; };
		2BCC2EA9175CD22B002242F8 /* Question.m */ = {isa = PBXFileReference; fileEncoding = 4; lastKnownFileType = sourcecode.c.objc; path = Question.m; sourceTree = "<group>"; };
		2BCC2EBA175CD428002242F8 /* questions.json */ = {isa = PBXFileReference; fileEncoding = 4; lastKnownFileType = text.json; path = questions.json; sourceTree = "<group>"; };
		2BCC2EBD175CD510002242F8 /* .DS_Store */ = {isa = PBXFileReference; lastKnownFileType = file; path = .DS_Store; sourceTree = "<group>"; };
		2BCC2EBE175CD510002242F8 /* SBJson.h */ = {isa = PBXFileReference; fileEncoding = 4; lastKnownFileType = sourcecode.c.h; path = SBJson.h; sourceTree = "<group>"; };
		2BCC2EBF175CD510002242F8 /* SBJsonParser.h */ = {isa = PBXFileReference; fileEncoding = 4; lastKnownFileType = sourcecode.c.h; path = SBJsonParser.h; sourceTree = "<group>"; };
		2BCC2EC0175CD510002242F8 /* SBJsonParser.m */ = {isa = PBXFileReference; fileEncoding = 4; lastKnownFileType = sourcecode.c.objc; path = SBJsonParser.m; sourceTree = "<group>"; };
		2BCC2EC1175CD510002242F8 /* SBJsonStreamParser.h */ = {isa = PBXFileReference; fileEncoding = 4; lastKnownFileType = sourcecode.c.h; path = SBJsonStreamParser.h; sourceTree = "<group>"; };
		2BCC2EC2175CD510002242F8 /* SBJsonStreamParser.m */ = {isa = PBXFileReference; fileEncoding = 4; lastKnownFileType = sourcecode.c.objc; path = SBJsonStreamParser.m; sourceTree = "<group>"; };
		2BCC2EC3175CD510002242F8 /* SBJsonStreamParserAccumulator.h */ = {isa = PBXFileReference; fileEncoding = 4; lastKnownFileType = sourcecode.c.h; path = SBJsonStreamParserAccumulator.h; sourceTree = "<group>"; };
		2BCC2EC4175CD510002242F8 /* SBJsonStreamParserAccumulator.m */ = {isa = PBXFileReference; fileEncoding = 4; lastKnownFileType = sourcecode.c.objc; path = SBJsonStreamParserAccumulator.m; sourceTree = "<group>"; };
		2BCC2EC5175CD510002242F8 /* SBJsonStreamParserAdapter.h */ = {isa = PBXFileReference; fileEncoding = 4; lastKnownFileType = sourcecode.c.h; path = SBJsonStreamParserAdapter.h; sourceTree = "<group>"; };
		2BCC2EC6175CD510002242F8 /* SBJsonStreamParserAdapter.m */ = {isa = PBXFileReference; fileEncoding = 4; lastKnownFileType = sourcecode.c.objc; path = SBJsonStreamParserAdapter.m; sourceTree = "<group>"; };
		2BCC2EC7175CD510002242F8 /* SBJsonStreamParserState.h */ = {isa = PBXFileReference; fileEncoding = 4; lastKnownFileType = sourcecode.c.h; path = SBJsonStreamParserState.h; sourceTree = "<group>"; };
		2BCC2EC8175CD510002242F8 /* SBJsonStreamParserState.m */ = {isa = PBXFileReference; fileEncoding = 4; lastKnownFileType = sourcecode.c.objc; path = SBJsonStreamParserState.m; sourceTree = "<group>"; };
		2BCC2EC9175CD510002242F8 /* SBJsonStreamTokeniser.h */ = {isa = PBXFileReference; fileEncoding = 4; lastKnownFileType = sourcecode.c.h; path = SBJsonStreamTokeniser.h; sourceTree = "<group>"; };
		2BCC2ECA175CD510002242F8 /* SBJsonStreamTokeniser.m */ = {isa = PBXFileReference; fileEncoding = 4; lastKnownFileType = sourcecode.c.objc; path = SBJsonStreamTokeniser.m; sourceTree = "<group>"; };
		2BCC2ECB175CD510002242F8 /* SBJsonStreamWriter.h */ = {isa = PBXFileReference; fileEncoding = 4; lastKnownFileType = sourcecode.c.h; path = SBJsonStreamWriter.h; sourceTree = "<group>"; };
		2BCC2ECC175CD510002242F8 /* SBJsonStreamWriter.m */ = {isa = PBXFileReference; fileEncoding = 4; lastKnownFileType = sourcecode.c.objc; path = SBJsonStreamWriter.m; sourceTree = "<group>"; };
		2BCC2ECD175CD510002242F8 /* SBJsonStreamWriterAccumulator.h */ = {isa = PBXFileReference; fileEncoding = 4; lastKnownFileType = sourcecode.c.h; path = SBJsonStreamWriterAccumulator.h; sourceTree = "<group>"; };
		2BCC2ECE175CD510002242F8 /* SBJsonStreamWriterAccumulator.m */ = {isa = PBXFileReference; fileEncoding = 4; lastKnownFileType = sourcecode.c.objc; path = SBJsonStreamWriterAccumulator.m; sourceTree = "<group>"; };
		2BCC2ECF175CD510002242F8 /* SBJsonStreamWriterState.h */ = {isa = PBXFileReference; fileEncoding = 4; lastKnownFileType = sourcecode.c.h; path = SBJsonStreamWriterState.h; sourceTree = "<group>"; };
		2BCC2ED0175CD510002242F8 /* SBJsonStreamWriterState.m */ = {isa = PBXFileReference; fileEncoding = 4; lastKnownFileType = sourcecode.c.objc; path = SBJsonStreamWriterState.m; sourceTree = "<group>"; };
		2BCC2ED1175CD510002242F8 /* SBJsonWriter.h */ = {isa = PBXFileReference; fileEncoding = 4; lastKnownFileType = sourcecode.c.h; path = SBJsonWriter.h; sourceTree = "<group>"; };
		2BCC2ED2175CD510002242F8 /* SBJsonWriter.m */ = {isa = PBXFileReference; fileEncoding = 4; lastKnownFileType = sourcecode.c.objc; path = SBJsonWriter.m; sourceTree = "<group>"; };
/* End PBXFileReference section */

/* Begin PBXFrameworksBuildPhase section */
		2BCC2E79175CD0A4002242F8 /* Frameworks */ = {
			isa = PBXFrameworksBuildPhase;
			buildActionMask = 2147483647;
			files = (
				2BCC2E80175CD0A4002242F8 /* UIKit.framework in Frameworks */,
				2BCC2E82175CD0A4002242F8 /* Foundation.framework in Frameworks */,
				2BCC2E84175CD0A4002242F8 /* CoreGraphics.framework in Frameworks */,
			);
			runOnlyForDeploymentPostprocessing = 0;
		};
/* End PBXFrameworksBuildPhase section */

/* Begin PBXGroup section */
		2BCC2E73175CD0A4002242F8 = {
			isa = PBXGroup;
			children = (
				2BCC2EBA175CD428002242F8 /* questions.json */,
				2BCC2E85175CD0A4002242F8 /* MegaQuiz */,
				2BCC2E7E175CD0A4002242F8 /* Frameworks */,
				2BCC2E7D175CD0A4002242F8 /* Products */,
			);
			sourceTree = "<group>";
		};
		2BCC2E7D175CD0A4002242F8 /* Products */ = {
			isa = PBXGroup;
			children = (
				2BCC2E7C175CD0A4002242F8 /* MegaQuiz.app */,
			);
			name = Products;
			sourceTree = "<group>";
		};
		2BCC2E7E175CD0A4002242F8 /* Frameworks */ = {
			isa = PBXGroup;
			children = (
				2BCC2E7F175CD0A4002242F8 /* UIKit.framework */,
				2BCC2E81175CD0A4002242F8 /* Foundation.framework */,
				2BCC2E83175CD0A4002242F8 /* CoreGraphics.framework */,
			);
			name = Frameworks;
			sourceTree = "<group>";
		};
		2BCC2E85175CD0A4002242F8 /* MegaQuiz */ = {
			isa = PBXGroup;
			children = (
				2BCC2EBC175CD503002242F8 /* JSON */,
				2BCC2E8E175CD0A4002242F8 /* AppDelegate.h */,
				2BCC2E8F175CD0A4002242F8 /* AppDelegate.m */,
				2BCC2E97175CD0A4002242F8 /* QuestionViewController.h */,
				2BCC2E98175CD0A4002242F8 /* QuestionViewController.m */,
				2BCC2E9D175CD0A4002242F8 /* QuestionViewController.xib */,
				2BCC2E86175CD0A4002242F8 /* Supporting Files */,
				2BCC2EA8175CD22B002242F8 /* Question.h */,
				2BCC2EA9175CD22B002242F8 /* Question.m */,
				2BBB43CD175CE659001F2E4A /* ResultViewController.h */,
				2BBB43CE175CE659001F2E4A /* ResultViewController.m */,
				2BBB43CF175CE659001F2E4A /* ResultViewController.xib */,
			);
			path = MegaQuiz;
			sourceTree = "<group>";
		};
		2BCC2E86175CD0A4002242F8 /* Supporting Files */ = {
			isa = PBXGroup;
			children = (
				2BAEA82F175CDC6C00F37113 /* btn_white.png */,
				2BAEA827175CDA8800F37113 /* bg.jpg */,
				2BAEA828175CDA8800F37113 /* btn_green.png */,
				2BAEA829175CDA8800F37113 /* btn_red.png */,
				2BAEA82A175CDA8800F37113 /* logo.png */,
				2BCC2E87175CD0A4002242F8 /* MegaQuiz-Info.plist */,
				2BCC2E88175CD0A4002242F8 /* InfoPlist.strings */,
				2BCC2E8B175CD0A4002242F8 /* main.m */,
				2BCC2E8D175CD0A4002242F8 /* MegaQuiz-Prefix.pch */,
				2BCC2E91175CD0A4002242F8 /* Default.png */,
				2BCC2E93175CD0A4002242F8 /* Default@2x.png */,
				2BCC2E95175CD0A4002242F8 /* Default-568h@2x.png */,
			);
			name = "Supporting Files";
			sourceTree = "<group>";
		};
		2BCC2EBC175CD503002242F8 /* JSON */ = {
			isa = PBXGroup;
			children = (
				2BCC2EBD175CD510002242F8 /* .DS_Store */,
				2BCC2EBE175CD510002242F8 /* SBJson.h */,
				2BCC2EBF175CD510002242F8 /* SBJsonParser.h */,
				2BCC2EC0175CD510002242F8 /* SBJsonParser.m */,
				2BCC2EC1175CD510002242F8 /* SBJsonStreamParser.h */,
				2BCC2EC2175CD510002242F8 /* SBJsonStreamParser.m */,
				2BCC2EC3175CD510002242F8 /* SBJsonStreamParserAccumulator.h */,
				2BCC2EC4175CD510002242F8 /* SBJsonStreamParserAccumulator.m */,
				2BCC2EC5175CD510002242F8 /* SBJsonStreamParserAdapter.h */,
				2BCC2EC6175CD510002242F8 /* SBJsonStreamParserAdapter.m */,
				2BCC2EC7175CD510002242F8 /* SBJsonStreamParserState.h */,
				2BCC2EC8175CD510002242F8 /* SBJsonStreamParserState.m */,
				2BCC2EC9175CD510002242F8 /* SBJsonStreamTokeniser.h */,
				2BCC2ECA175CD510002242F8 /* SBJsonStreamTokeniser.m */,
				2BCC2ECB175CD510002242F8 /* SBJsonStreamWriter.h */,
				2BCC2ECC175CD510002242F8 /* SBJsonStreamWriter.m */,
				2BCC2ECD175CD510002242F8 /* SBJsonStreamWriterAccumulator.h */,
				2BCC2ECE175CD510002242F8 /* SBJsonStreamWriterAccumulator.m */,
				2BCC2ECF175CD510002242F8 /* SBJsonStreamWriterState.h */,
				2BCC2ED0175CD510002242F8 /* SBJsonStreamWriterState.m */,
				2BCC2ED1175CD510002242F8 /* SBJsonWriter.h */,
				2BCC2ED2175CD510002242F8 /* SBJsonWriter.m */,
			);
			name = JSON;
			sourceTree = "<group>";
		};
/* End PBXGroup section */

/* Begin PBXNativeTarget section */
		2BCC2E7B175CD0A4002242F8 /* MegaQuiz */ = {
			isa = PBXNativeTarget;
			buildConfigurationList = 2BCC2EA5175CD0A4002242F8 /* Build configuration list for PBXNativeTarget "MegaQuiz" */;
			buildPhases = (
				2BCC2E78175CD0A4002242F8 /* Sources */,
				2BCC2E79175CD0A4002242F8 /* Frameworks */,
				2BCC2E7A175CD0A4002242F8 /* Resources */,
			);
			buildRules = (
			);
			dependencies = (
			);
			name = MegaQuiz;
			productName = MegaQuiz;
			productReference = 2BCC2E7C175CD0A4002242F8 /* MegaQuiz.app */;
			productType = "com.apple.product-type.application";
		};
/* End PBXNativeTarget section */

/* Begin PBXProject section */
		2BCC2E74175CD0A4002242F8 /* Project object */ = {
			isa = PBXProject;
			attributes = {
				LastUpgradeCheck = 0460;
				ORGANIZATIONNAME = Gurumades;
			};
			buildConfigurationList = 2BCC2E77175CD0A4002242F8 /* Build configuration list for PBXProject "MegaQuiz" */;
			compatibilityVersion = "Xcode 3.2";
			developmentRegion = English;
			hasScannedForEncodings = 0;
			knownRegions = (
				en,
			);
			mainGroup = 2BCC2E73175CD0A4002242F8;
			productRefGroup = 2BCC2E7D175CD0A4002242F8 /* Products */;
			projectDirPath = "";
			projectRoot = "";
			targets = (
				2BCC2E7B175CD0A4002242F8 /* MegaQuiz */,
			);
		};
/* End PBXProject section */

/* Begin PBXResourcesBuildPhase section */
		2BCC2E7A175CD0A4002242F8 /* Resources */ = {
			isa = PBXResourcesBuildPhase;
			buildActionMask = 2147483647;
			files = (
				2BCC2E8A175CD0A4002242F8 /* InfoPlist.strings in Resources */,
				2BCC2E92175CD0A4002242F8 /* Default.png in Resources */,
				2BCC2E94175CD0A4002242F8 /* Default@2x.png in Resources */,
				2BCC2E96175CD0A4002242F8 /* Default-568h@2x.png in Resources */,
				2BCC2E9F175CD0A4002242F8 /* QuestionViewController.xib in Resources */,
				2BCC2EBB175CD428002242F8 /* questions.json in Resources */,
				2BCC2ED3175CD510002242F8 /* .DS_Store in Resources */,
				2BAEA82B175CDA8800F37113 /* bg.jpg in Resources */,
				2BAEA82C175CDA8800F37113 /* btn_green.png in Resources */,
				2BAEA82D175CDA8800F37113 /* btn_red.png in Resources */,
				2BAEA82E175CDA8800F37113 /* logo.png in Resources */,
				2BAEA830175CDC6C00F37113 /* btn_white.png in Resources */,
				2BBB43D1175CE659001F2E4A /* ResultViewController.xib in Resources */,
			);
			runOnlyForDeploymentPostprocessing = 0;
		};
/* End PBXResourcesBuildPhase section */

/* Begin PBXSourcesBuildPhase section */
		2BCC2E78175CD0A4002242F8 /* Sources */ = {
			isa = PBXSourcesBuildPhase;
			buildActionMask = 2147483647;
			files = (
				2BCC2E8C175CD0A4002242F8 /* main.m in Sources */,
				2BCC2E90175CD0A4002242F8 /* AppDelegate.m in Sources */,
				2BCC2E99175CD0A4002242F8 /* QuestionViewController.m in Sources */,
				2BCC2EAA175CD22B002242F8 /* Question.m in Sources */,
				2BCC2ED4175CD510002242F8 /* SBJsonParser.m in Sources */,
				2BCC2ED5175CD510002242F8 /* SBJsonStreamParser.m in Sources */,
				2BCC2ED6175CD510002242F8 /* SBJsonStreamParserAccumulator.m in Sources */,
				2BCC2ED7175CD510002242F8 /* SBJsonStreamParserAdapter.m in Sources */,
				2BCC2ED8175CD510002242F8 /* SBJsonStreamParserState.m in Sources */,
				2BCC2ED9175CD510002242F8 /* SBJsonStreamTokeniser.m in Sources */,
				2BCC2EDA175CD510002242F8 /* SBJsonStreamWriter.m in Sources */,
				2BCC2EDB175CD510002242F8 /* SBJsonStreamWriterAccumulator.m in Sources */,
				2BCC2EDC175CD510002242F8 /* SBJsonStreamWriterState.m in Sources */,
				2BCC2EDD175CD510002242F8 /* SBJsonWriter.m in Sources */,
				2BBB43D0175CE659001F2E4A /* ResultViewController.m in Sources */,
			);
			runOnlyForDeploymentPostprocessing = 0;
		};
/* End PBXSourcesBuildPhase section */

/* Begin PBXVariantGroup section */
		2BCC2E88175CD0A4002242F8 /* InfoPlist.strings */ = {
			isa = PBXVariantGroup;
			children = (
				2BCC2E89175CD0A4002242F8 /* en */,
			);
			name = InfoPlist.strings;
			sourceTree = "<group>";
		};
		2BCC2E9D175CD0A4002242F8 /* QuestionViewController.xib */ = {
			isa = PBXVariantGroup;
			children = (
				2BCC2E9E175CD0A4002242F8 /* en */,
			);
			name = QuestionViewController.xib;
			sourceTree = "<group>";
		};
/* End PBXVariantGroup section */

/* Begin XCBuildConfiguration section */
		2BCC2EA3175CD0A4002242F8 /* Debug */ = {
			isa = XCBuildConfiguration;
			buildSettings = {
				ALWAYS_SEARCH_USER_PATHS = NO;
				CLANG_CXX_LANGUAGE_STANDARD = "gnu++0x";
				CLANG_CXX_LIBRARY = "libc++";
				CLANG_ENABLE_OBJC_ARC = YES;
				CLANG_WARN_CONSTANT_CONVERSION = YES;
				CLANG_WARN_EMPTY_BODY = YES;
				CLANG_WARN_ENUM_CONVERSION = YES;
				CLANG_WARN_INT_CONVERSION = YES;
				CLANG_WARN__DUPLICATE_METHOD_MATCH = YES;
				"CODE_SIGN_IDENTITY[sdk=iphoneos*]" = "iPhone Developer";
				COPY_PHASE_STRIP = NO;
				GCC_C_LANGUAGE_STANDARD = gnu99;
				GCC_DYNAMIC_NO_PIC = NO;
				GCC_OPTIMIZATION_LEVEL = 0;
				GCC_PREPROCESSOR_DEFINITIONS = (
					"DEBUG=1",
					"$(inherited)",
				);
				GCC_SYMBOLS_PRIVATE_EXTERN = NO;
				GCC_WARN_ABOUT_RETURN_TYPE = YES;
				GCC_WARN_UNINITIALIZED_AUTOS = YES;
				GCC_WARN_UNUSED_VARIABLE = YES;
				IPHONEOS_DEPLOYMENT_TARGET = 6.1;
				ONLY_ACTIVE_ARCH = YES;
				SDKROOT = iphoneos;
			};
			name = Debug;
		};
		2BCC2EA4175CD0A4002242F8 /* Release */ = {
			isa = XCBuildConfiguration;
			buildSettings = {
				ALWAYS_SEARCH_USER_PATHS = NO;
				CLANG_CXX_LANGUAGE_STANDARD = "gnu++0x";
				CLANG_CXX_LIBRARY = "libc++";
				CLANG_ENABLE_OBJC_ARC = YES;
				CLANG_WARN_CONSTANT_CONVERSION = YES;
				CLANG_WARN_EMPTY_BODY = YES;
				CLANG_WARN_ENUM_CONVERSION = YES;
				CLANG_WARN_INT_CONVERSION = YES;
				CLANG_WARN__DUPLICATE_METHOD_MATCH = YES;
				"CODE_SIGN_IDENTITY[sdk=iphoneos*]" = "iPhone Developer";
				COPY_PHASE_STRIP = YES;
				GCC_C_LANGUAGE_STANDARD = gnu99;
				GCC_WARN_ABOUT_RETURN_TYPE = YES;
				GCC_WARN_UNINITIALIZED_AUTOS = YES;
				GCC_WARN_UNUSED_VARIABLE = YES;
				IPHONEOS_DEPLOYMENT_TARGET = 6.1;
				OTHER_CFLAGS = "-DNS_BLOCK_ASSERTIONS=1";
				SDKROOT = iphoneos;
				VALIDATE_PRODUCT = YES;
			};
			name = Release;
		};
		2BCC2EA6175CD0A4002242F8 /* Debug */ = {
			isa = XCBuildConfiguration;
			buildSettings = {
				GCC_PRECOMPILE_PREFIX_HEADER = YES;
				GCC_PREFIX_HEADER = "MegaQuiz/MegaQuiz-Prefix.pch";
				INFOPLIST_FILE = "MegaQuiz/MegaQuiz-Info.plist";
				PRODUCT_NAME = "$(TARGET_NAME)";
				WRAPPER_EXTENSION = app;
			};
			name = Debug;
		};
		2BCC2EA7175CD0A4002242F8 /* Release */ = {
			isa = XCBuildConfiguration;
			buildSettings = {
				GCC_PRECOMPILE_PREFIX_HEADER = YES;
				GCC_PREFIX_HEADER = "MegaQuiz/MegaQuiz-Prefix.pch";
				INFOPLIST_FILE = "MegaQuiz/MegaQuiz-Info.plist";
				PRODUCT_NAME = "$(TARGET_NAME)";
				WRAPPER_EXTENSION = app;
			};
			name = Release;
		};
/* End XCBuildConfiguration section */

/* Begin XCConfigurationList section */
		2BCC2E77175CD0A4002242F8 /* Build configuration list for PBXProject "MegaQuiz" */ = {
			isa = XCConfigurationList;
			buildConfigurations = (
				2BCC2EA3175CD0A4002242F8 /* Debug */,
				2BCC2EA4175CD0A4002242F8 /* Release */,
			);
			defaultConfigurationIsVisible = 0;
			defaultConfigurationName = Release;
		};
		2BCC2EA5175CD0A4002242F8 /* Build configuration list for PBXNativeTarget "MegaQuiz" */ = {
			isa = XCConfigurationList;
			buildConfigurations = (
				2BCC2EA6175CD0A4002242F8 /* Debug */,
				2BCC2EA7175CD0A4002242F8 /* Release */,
			);
			defaultConfigurationIsVisible = 0;
			defaultConfigurationName = Release;
		};
/* End XCConfigurationList section */
	};
	rootObject = 2BCC2E74175CD0A4002242F8 /* Project object */;
}
